
Microsoft Visual Studio Solution File, Format Version 12.00
# Visual Studio Version 17
VisualStudioVersion = 17.14.36429.23 d17.14
MinimumVisualStudioVersion = 10.0.40219.1
Project("{FAE04EC0-301F-11D3-BF4B-00C04F79EFBC}") = "Task08", "Task08\Task08.csproj", "{D8C7F8A0-E679-4E60-9CF4-D7106F88A9B4}"
EndProject
Project("{FAE04EC0-301F-11D3-BF4B-00C04F79EFBC}") = "Task8part2", "Task8part2\Task8part2.csproj", "{69475CAC-2176-40FC-814C-B8F616C62B51}"
EndProject
Project("{FAE04EC0-301F-11D3-BF4B-00C04F79EFBC}") = "Task8part3", "Task8part3\Task8part3.csproj", "{90205167-007C-4133-AC28-B7BC86D86958}"
EndProject
Global
	GlobalSection(SolutionConfigurationPlatforms) = preSolution
		Debug|Any CPU = Debug|Any CPU
		Release|Any CPU = Release|Any CPU
	EndGlobalSection
	GlobalSection(ProjectConfigurationPlatforms) = postSolution
		{D8C7F8A0-E679-4E60-9CF4-D7106F88A9B4}.Debug|Any CPU.ActiveCfg = Debug|Any CPU
		{D8C7F8A0-E679-4E60-9CF4-D7106F88A9B4}.Debug|Any CPU.Build.0 = Debug|Any CPU
		{D8C7F8A0-E679-4E60-9CF4-D7106F88A9B4}.Release|Any CPU.ActiveCfg = Release|Any CPU
		{D8C7F8A0-E679-4E60-9CF4-D7106F88A9B4}.Release|Any CPU.Build.0 = Release|Any CPU
		{69475CAC-2176-40FC-814C-B8F616C62B51}.Debug|Any CPU.ActiveCfg = Debug|Any CPU
		{69475CAC-2176-40FC-814C-B8F616C62B51}.Debug|Any CPU.Build.0 = Debug|Any CPU
		{69475CAC-2176-40FC-814C-B8F616C62B51}.Release|Any CPU.ActiveCfg = Release|Any CPU
		{69475CAC-2176-40FC-814C-B8F616C62B51}.Release|Any CPU.Build.0 = Release|Any CPU
		{90205167-007C-4133-AC28-B7BC86D86958}.Debug|Any CPU.ActiveCfg = Debug|Any CPU
		{90205167-007C-4133-AC28-B7BC86D86958}.Debug|Any CPU.Build.0 = Debug|Any CPU
		{90205167-007C-4133-AC28-B7BC86D86958}.Release|Any CPU.ActiveCfg = Release|Any CPU
		{90205167-007C-4133-AC28-B7BC86D86958}.Release|Any CPU.Build.0 = Release|Any CPU
	EndGlobalSection
	GlobalSection(SolutionProperties) = preSolution
		HideSolutionNode = FALSE
	EndGlobalSection
	GlobalSection(ExtensibilityGlobals) = postSolution
		SolutionGuid = {3B51D309-B4DA-42A7-8D86-F44F8961BF77}
	EndGlobalSection
EndGlobal
