
Microsoft Visual Studio Solution File, Format Version 12.00
# Visual Studio Version 17
VisualStudioVersion = 17.14.36429.23 d17.14
MinimumVisualStudioVersion = 10.0.40219.1
Project("{FAE04EC0-301F-11D3-BF4B-00C04F79EFBC}") = "taskexam", "taskexam\taskexam.csproj", "{CE6A83B2-ED98-4523-B461-97E0F862C729}"
EndProject
Global
	GlobalSection(SolutionConfigurationPlatforms) = preSolution
		Debug|Any CPU = Debug|Any CPU
		Release|Any CPU = Release|Any CPU
	EndGlobalSection
	GlobalSection(ProjectConfigurationPlatforms) = postSolution
		{CE6A83B2-ED98-4523-B461-97E0F862C729}.Debug|Any CPU.ActiveCfg = Debug|Any CPU
		{CE6A83B2-ED98-4523-B461-97E0F862C729}.Debug|Any CPU.Build.0 = Debug|Any CPU
		{CE6A83B2-ED98-4523-B461-97E0F862C729}.Release|Any CPU.ActiveCfg = Release|Any CPU
		{CE6A83B2-ED98-4523-B461-97E0F862C729}.Release|Any CPU.Build.0 = Release|Any CPU
	EndGlobalSection
	GlobalSection(SolutionProperties) = preSolution
		HideSolutionNode = FALSE
	EndGlobalSection
	GlobalSection(ExtensibilityGlobals) = postSolution
		SolutionGuid = {80B7D01B-742A-4859-8ACC-E496B139705E}
	EndGlobalSection
EndGlobal
