
Microsoft Visual Studio Solution File, Format Version 12.00
# Visual Studio Version 17
VisualStudioVersion = 17.14.36429.23 d17.14
MinimumVisualStudioVersion = 10.0.40219.1
Project("{FAE04EC0-301F-11D3-BF4B-00C04F79EFBC}") = "Task05", "Task05\Task05.csproj", "{A7384A2F-FE25-4DB1-977B-C82825E2BD8A}"
EndProject
Global
	GlobalSection(SolutionConfigurationPlatforms) = preSolution
		Debug|Any CPU = Debug|Any CPU
		Release|Any CPU = Release|Any CPU
	EndGlobalSection
	GlobalSection(ProjectConfigurationPlatforms) = postSolution
		{A7384A2F-FE25-4DB1-977B-C82825E2BD8A}.Debug|Any CPU.ActiveCfg = Debug|Any CPU
		{A7384A2F-FE25-4DB1-977B-C82825E2BD8A}.Debug|Any CPU.Build.0 = Debug|Any CPU
		{A7384A2F-FE25-4DB1-977B-C82825E2BD8A}.Release|Any CPU.ActiveCfg = Release|Any CPU
		{A7384A2F-FE25-4DB1-977B-C82825E2BD8A}.Release|Any CPU.Build.0 = Release|Any CPU
	EndGlobalSection
	GlobalSection(SolutionProperties) = preSolution
		HideSolutionNode = FALSE
	EndGlobalSection
	GlobalSection(ExtensibilityGlobals) = postSolution
		SolutionGuid = {22029761-5423-4AEA-8C20-89DF261E22AB}
	EndGlobalSection
EndGlobal
